
Microsoft Visual Studio Solution File, Format Version 12.00
# Visual Studio Version 17
VisualStudioVersion = 17.14.36221.1
MinimumVisualStudioVersion = 10.0.40219.1
Project("{2150E333-8FDC-42A3-9474-1A3956D46DE8}") = "services", "services", "{02EA681E-C7D8-13C7-8484-4AC65E1B71E8}"
EndProject
Project("{2150E333-8FDC-42A3-9474-1A3956D46DE8}") = "Security", "Security", "{386F4BD3-D353-4D55-89A9-64EA65C3AC38}"
EndProject
Project("{2150E333-8FDC-42A3-9474-1A3956D46DE8}") = "src", "src", "{F5E44F6E-B0C9-4647-94DA-FA952B334736}"
EndProject
Project("{FAE04EC0-301F-11D3-BF4B-00C04F79EFBC}") = "Security.Domain", "services\Security\src\Security.Domain\Security.Domain.csproj", "{B00C9AA3-F1E7-43CF-BAE5-805D05204037}"
EndProject
Project("{FAE04EC0-301F-11D3-BF4B-00C04F79EFBC}") = "Security.Infrastructure", "services\Security\src\Security.Infrastructure\Security.Infrastructure.csproj", "{DFC49231-FE9F-4C3E-8243-4C1C288E99D7}"
EndProject
Project("{FAE04EC0-301F-11D3-BF4B-00C04F79EFBC}") = "Security.Application", "services\Security\src\Security.Application\Security.Application.csproj", "{1159E4C8-EC1D-48D7-8660-86D57F95A699}"
EndProject
Project("{FAE04EC0-301F-11D3-BF4B-00C04F79EFBC}") = "Security.Api", "services\Security\src\Security.Api\Security.Api.csproj", "{5924F8B2-90D1-4515-B8FE-1AECBD8FAB02}"
EndProject
Project("{2150E333-8FDC-42A3-9474-1A3956D46DE8}") = "tests", "tests", "{52DE3466-E53A-42A9-B192-323E2018023B}"
EndProject
Project("{FAE04EC0-301F-11D3-BF4B-00C04F79EFBC}") = "Security.Application.UnitTests", "services\Security\tests\Security.Application.UnitTests\Security.Application.UnitTests.csproj", "{4CB49A65-7B62-4557-A5D9-6C9401BD03ED}"
EndProject
Project("{FAE04EC0-301F-11D3-BF4B-00C04F79EFBC}") = "Security.Infrastructure.IntegrationTests", "services\Security\tests\Security.Infrastructure.IntegrationTests\Security.Infrastructure.IntegrationTests.csproj", "{9F812EEE-E94F-4A9B-86FC-60BF5BC77CEA}"
EndProject
Project("{FAE04EC0-301F-11D3-BF4B-00C04F79EFBC}") = "Security.Domain.UnitTests", "services\Security\tests\Security.Domain.UnitTests\Security.Domain.UnitTests.csproj", "{F4AA1565-67C1-4408-94AD-ACC0FFC1E509}"
EndProject
Project("{2150E333-8FDC-42A3-9474-1A3956D46DE8}") = "shared", "shared", "{CB8BE34B-79F0-46AB-BF88-94A512AF4403}"
EndProject
Project("{2150E333-8FDC-42A3-9474-1A3956D46DE8}") = "Account", "Account", "{C1B2B8ED-DF5B-4F17-9994-E67C095A545B}"
EndProject
Project("{2150E333-8FDC-42A3-9474-1A3956D46DE8}") = "src", "src", "{10CCBBBF-A335-4792-9DC3-0D465EF0E3FB}"
EndProject
Project("{2150E333-8FDC-42A3-9474-1A3956D46DE8}") = "tests", "tests", "{D1848DA7-23CF-4E36-B656-D9C1EFC10C12}"
EndProject
Project("{FAE04EC0-301F-11D3-BF4B-00C04F79EFBC}") = "BankSystem.Account.Domain.UnitTests", "services\Account\tests\Account.Domain.UnitTests\BankSystem.Account.Domain.UnitTests.csproj", "{C3DB9743-5C13-44F4-B4F1-D82E29D83D49}"
EndProject
Project("{FAE04EC0-301F-11D3-BF4B-00C04F79EFBC}") = "BankSystem.Account.Domain", "services\Account\src\Account.Domain\BankSystem.Account.Domain.csproj", "{DED1702D-4BCE-EC54-12AF-8CFC4D401FE1}"
EndProject
Project("{FAE04EC0-301F-11D3-BF4B-00C04F79EFBC}") = "BankSystem.Account.Application", "services\Account\src\Account.Application\BankSystem.Account.Application.csproj", "{3085929A-997F-6558-BE84-EBC1AD4BCA14}"
EndProject
Project("{FAE04EC0-301F-11D3-BF4B-00C04F79EFBC}") = "BankSystem.Account.Application.UnitTests", "services\Account\tests\Account.Application.UnitTests\BankSystem.Account.Application.UnitTests.csproj", "{54BB2E91-6E5B-641A-24B5-4543145BA182}"
EndProject
Project("{2150E333-8FDC-42A3-9474-1A3956D46DE8}") = "tests", "tests", "{EF15AC13-1EE3-41BF-B3D1-E39F885564F8}"
EndProject
Project("{FAE04EC0-301F-11D3-BF4B-00C04F79EFBC}") = "BankSystem.Shared.Domain.UnitTests", "shared\tests\BankSystem.Shared.Domain.UnitTests\BankSystem.Shared.Domain.UnitTests.csproj", "{A6A3AD5C-F489-43E3-B90C-4331196500EB}"
EndProject
Project("{2150E333-8FDC-42A3-9474-1A3956D46DE8}") = "src", "src", "{3C16AF09-1155-48BB-87A6-571CC9DDB4F5}"
EndProject
Project("{FAE04EC0-301F-11D3-BF4B-00C04F79EFBC}") = "BankSystem.Shared.Domain", "shared\src\BankSystem.Shared.Domain\BankSystem.Shared.Domain.csproj", "{895F629A-B33E-F196-66CB-F4ED7E0D703A}"
EndProject
Project("{FAE04EC0-301F-11D3-BF4B-00C04F79EFBC}") = "BankSystem.Account.Infrastructure", "services\Account\src\Account.Infrastructure\BankSystem.Account.Infrastructure.csproj", "{470FF8BC-2A61-39CA-10FC-7D87BC50FB6B}"
EndProject
Project("{FAE04EC0-301F-11D3-BF4B-00C04F79EFBC}") = "BankSystem.Account.Api", "services\Account\src\Account.Api\BankSystem.Account.Api.csproj", "{6CF3F3ED-71D3-88D6-8EF2-1C13C19B9ECD}"
EndProject
Project("{FAE04EC0-301F-11D3-BF4B-00C04F79EFBC}") = "BankSystem.Shared.Infrastructure", "shared\src\BankSystem.Shared.Infrastructure\BankSystem.Shared.Infrastructure.csproj", "{7515F602-2154-6EE2-AF47-7D46A3BD09E0}"
EndProject
Project("{FAE04EC0-301F-11D3-BF4B-00C04F79EFBC}") = "BankSystem.Shared.ServiceDefaults", "shared\src\BankSystem.Shared.ServiceDefaults\BankSystem.Shared.ServiceDefaults.csproj", "{8A2C4F7D-3E8B-4A5C-9F2B-1D6E7C8A9B3E}"
EndProject
Project("{FAE04EC0-301F-11D3-BF4B-00C04F79EFBC}") = "BankSystem.Account.Infrastructure.IntegrationTests", "services\Account\tests\Account.Infrastructure.IntegrationTests\BankSystem.Account.Infrastructure.IntegrationTests.csproj", "{B590EFA8-C717-E5AC-E618-766B7046F185}"
EndProject
Project("{2150E333-8FDC-42A3-9474-1A3956D46DE8}") = "gateway", "gateway", "{E206EBAB-B8B6-4ED8-AACE-F9DCDD7E4460}"
EndProject
Project("{FAE04EC0-301F-11D3-BF4B-00C04F79EFBC}") = "BankSystem.ApiGateway", "gateway\ApiGateway\BankSystem.ApiGateway.csproj", "{99C27881-4371-A20A-3390-69632B7DCEFD}"
EndProject
Global
	GlobalSection(SolutionConfigurationPlatforms) = preSolution
		Debug|Any CPU = Debug|Any CPU
		Release|Any CPU = Release|Any CPU
	EndGlobalSection
	GlobalSection(ProjectConfigurationPlatforms) = postSolution
		{B00C9AA3-F1E7-43CF-BAE5-805D05204037}.Debug|Any CPU.ActiveCfg = Debug|Any CPU
		{B00C9AA3-F1E7-43CF-BAE5-805D05204037}.Debug|Any CPU.Build.0 = Debug|Any CPU
		{B00C9AA3-F1E7-43CF-BAE5-805D05204037}.Release|Any CPU.ActiveCfg = Release|Any CPU
		{B00C9AA3-F1E7-43CF-BAE5-805D05204037}.Release|Any CPU.Build.0 = Release|Any CPU
		{DFC49231-FE9F-4C3E-8243-4C1C288E99D7}.Debug|Any CPU.ActiveCfg = Debug|Any CPU
		{DFC49231-FE9F-4C3E-8243-4C1C288E99D7}.Debug|Any CPU.Build.0 = Debug|Any CPU
		{DFC49231-FE9F-4C3E-8243-4C1C288E99D7}.Release|Any CPU.ActiveCfg = Release|Any CPU
		{DFC49231-FE9F-4C3E-8243-4C1C288E99D7}.Release|Any CPU.Build.0 = Release|Any CPU
		{1159E4C8-EC1D-48D7-8660-86D57F95A699}.Debug|Any CPU.ActiveCfg = Debug|Any CPU
		{1159E4C8-EC1D-48D7-8660-86D57F95A699}.Debug|Any CPU.Build.0 = Debug|Any CPU
		{1159E4C8-EC1D-48D7-8660-86D57F95A699}.Release|Any CPU.ActiveCfg = Release|Any CPU
		{1159E4C8-EC1D-48D7-8660-86D57F95A699}.Release|Any CPU.Build.0 = Release|Any CPU
		{5924F8B2-90D1-4515-B8FE-1AECBD8FAB02}.Debug|Any CPU.ActiveCfg = Debug|Any CPU
		{5924F8B2-90D1-4515-B8FE-1AECBD8FAB02}.Debug|Any CPU.Build.0 = Debug|Any CPU
		{5924F8B2-90D1-4515-B8FE-1AECBD8FAB02}.Release|Any CPU.ActiveCfg = Release|Any CPU
		{5924F8B2-90D1-4515-B8FE-1AECBD8FAB02}.Release|Any CPU.Build.0 = Release|Any CPU
		{4CB49A65-7B62-4557-A5D9-6C9401BD03ED}.Debug|Any CPU.ActiveCfg = Debug|Any CPU
		{4CB49A65-7B62-4557-A5D9-6C9401BD03ED}.Debug|Any CPU.Build.0 = Debug|Any CPU
		{4CB49A65-7B62-4557-A5D9-6C9401BD03ED}.Release|Any CPU.ActiveCfg = Release|Any CPU
		{4CB49A65-7B62-4557-A5D9-6C9401BD03ED}.Release|Any CPU.Build.0 = Release|Any CPU
		{9F812EEE-E94F-4A9B-86FC-60BF5BC77CEA}.Debug|Any CPU.ActiveCfg = Debug|Any CPU
		{9F812EEE-E94F-4A9B-86FC-60BF5BC77CEA}.Debug|Any CPU.Build.0 = Debug|Any CPU
		{9F812EEE-E94F-4A9B-86FC-60BF5BC77CEA}.Release|Any CPU.ActiveCfg = Release|Any CPU
		{9F812EEE-E94F-4A9B-86FC-60BF5BC77CEA}.Release|Any CPU.Build.0 = Release|Any CPU
		{F4AA1565-67C1-4408-94AD-ACC0FFC1E509}.Debug|Any CPU.ActiveCfg = Debug|Any CPU
		{F4AA1565-67C1-4408-94AD-ACC0FFC1E509}.Debug|Any CPU.Build.0 = Debug|Any CPU
		{F4AA1565-67C1-4408-94AD-ACC0FFC1E509}.Release|Any CPU.ActiveCfg = Release|Any CPU
		{F4AA1565-67C1-4408-94AD-ACC0FFC1E509}.Release|Any CPU.Build.0 = Release|Any CPU
		{C3DB9743-5C13-44F4-B4F1-D82E29D83D49}.Debug|Any CPU.ActiveCfg = Debug|Any CPU
		{C3DB9743-5C13-44F4-B4F1-D82E29D83D49}.Debug|Any CPU.Build.0 = Debug|Any CPU
		{C3DB9743-5C13-44F4-B4F1-D82E29D83D49}.Release|Any CPU.ActiveCfg = Release|Any CPU
		{C3DB9743-5C13-44F4-B4F1-D82E29D83D49}.Release|Any CPU.Build.0 = Release|Any CPU
		{DED1702D-4BCE-EC54-12AF-8CFC4D401FE1}.Debug|Any CPU.ActiveCfg = Debug|Any CPU
		{DED1702D-4BCE-EC54-12AF-8CFC4D401FE1}.Debug|Any CPU.Build.0 = Debug|Any CPU
		{DED1702D-4BCE-EC54-12AF-8CFC4D401FE1}.Release|Any CPU.ActiveCfg = Release|Any CPU
		{DED1702D-4BCE-EC54-12AF-8CFC4D401FE1}.Release|Any CPU.Build.0 = Release|Any CPU
		{3085929A-997F-6558-BE84-EBC1AD4BCA14}.Debug|Any CPU.ActiveCfg = Debug|Any CPU
		{3085929A-997F-6558-BE84-EBC1AD4BCA14}.Debug|Any CPU.Build.0 = Debug|Any CPU
		{3085929A-997F-6558-BE84-EBC1AD4BCA14}.Release|Any CPU.ActiveCfg = Release|Any CPU
		{3085929A-997F-6558-BE84-EBC1AD4BCA14}.Release|Any CPU.Build.0 = Release|Any CPU
		{54BB2E91-6E5B-641A-24B5-4543145BA182}.Debug|Any CPU.ActiveCfg = Debug|Any CPU
		{54BB2E91-6E5B-641A-24B5-4543145BA182}.Debug|Any CPU.Build.0 = Debug|Any CPU
		{54BB2E91-6E5B-641A-24B5-4543145BA182}.Release|Any CPU.ActiveCfg = Release|Any CPU
		{54BB2E91-6E5B-641A-24B5-4543145BA182}.Release|Any CPU.Build.0 = Release|Any CPU
		{A6A3AD5C-F489-43E3-B90C-4331196500EB}.Debug|Any CPU.ActiveCfg = Debug|Any CPU
		{A6A3AD5C-F489-43E3-B90C-4331196500EB}.Debug|Any CPU.Build.0 = Debug|Any CPU
		{A6A3AD5C-F489-43E3-B90C-4331196500EB}.Release|Any CPU.ActiveCfg = Release|Any CPU
		{A6A3AD5C-F489-43E3-B90C-4331196500EB}.Release|Any CPU.Build.0 = Release|Any CPU
		{895F629A-B33E-F196-66CB-F4ED7E0D703A}.Debug|Any CPU.ActiveCfg = Debug|Any CPU
		{895F629A-B33E-F196-66CB-F4ED7E0D703A}.Debug|Any CPU.Build.0 = Debug|Any CPU
		{895F629A-B33E-F196-66CB-F4ED7E0D703A}.Release|Any CPU.ActiveCfg = Release|Any CPU
		{895F629A-B33E-F196-66CB-F4ED7E0D703A}.Release|Any CPU.Build.0 = Release|Any CPU
		{470FF8BC-2A61-39CA-10FC-7D87BC50FB6B}.Debug|Any CPU.ActiveCfg = Debug|Any CPU
		{470FF8BC-2A61-39CA-10FC-7D87BC50FB6B}.Debug|Any CPU.Build.0 = Debug|Any CPU
		{470FF8BC-2A61-39CA-10FC-7D87BC50FB6B}.Release|Any CPU.ActiveCfg = Release|Any CPU
		{470FF8BC-2A61-39CA-10FC-7D87BC50FB6B}.Release|Any CPU.Build.0 = Release|Any CPU
		{6CF3F3ED-71D3-88D6-8EF2-1C13C19B9ECD}.Debug|Any CPU.ActiveCfg = Debug|Any CPU
		{6CF3F3ED-71D3-88D6-8EF2-1C13C19B9ECD}.Debug|Any CPU.Build.0 = Debug|Any CPU
		{6CF3F3ED-71D3-88D6-8EF2-1C13C19B9ECD}.Release|Any CPU.ActiveCfg = Release|Any CPU
		{6CF3F3ED-71D3-88D6-8EF2-1C13C19B9ECD}.Release|Any CPU.Build.0 = Release|Any CPU
		{7515F602-2154-6EE2-AF47-7D46A3BD09E0}.Debug|Any CPU.ActiveCfg = Debug|Any CPU
		{7515F602-2154-6EE2-AF47-7D46A3BD09E0}.Debug|Any CPU.Build.0 = Debug|Any CPU
		{7515F602-2154-6EE2-AF47-7D46A3BD09E0}.Release|Any CPU.ActiveCfg = Release|Any CPU
		{7515F602-2154-6EE2-AF47-7D46A3BD09E0}.Release|Any CPU.Build.0 = Release|Any CPU
		{8A2C4F7D-3E8B-4A5C-9F2B-1D6E7C8A9B3E}.Debug|Any CPU.ActiveCfg = Debug|Any CPU
		{8A2C4F7D-3E8B-4A5C-9F2B-1D6E7C8A9B3E}.Debug|Any CPU.Build.0 = Debug|Any CPU
		{8A2C4F7D-3E8B-4A5C-9F2B-1D6E7C8A9B3E}.Release|Any CPU.ActiveCfg = Release|Any CPU
		{8A2C4F7D-3E8B-4A5C-9F2B-1D6E7C8A9B3E}.Release|Any CPU.Build.0 = Release|Any CPU
		{B590EFA8-C717-E5AC-E618-766B7046F185}.Debug|Any CPU.ActiveCfg = Debug|Any CPU
		{B590EFA8-C717-E5AC-E618-766B7046F185}.Debug|Any CPU.Build.0 = Debug|Any CPU
		{B590EFA8-C717-E5AC-E618-766B7046F185}.Release|Any CPU.ActiveCfg = Release|Any CPU
		{B590EFA8-C717-E5AC-E618-766B7046F185}.Release|Any CPU.Build.0 = Release|Any CPU
		{99C27881-4371-A20A-3390-69632B7DCEFD}.Debug|Any CPU.ActiveCfg = Debug|Any CPU
		{99C27881-4371-A20A-3390-69632B7DCEFD}.Debug|Any CPU.Build.0 = Debug|Any CPU
		{99C27881-4371-A20A-3390-69632B7DCEFD}.Release|Any CPU.ActiveCfg = Release|Any CPU
		{99C27881-4371-A20A-3390-69632B7DCEFD}.Release|Any CPU.Build.0 = Release|Any CPU
	EndGlobalSection
	GlobalSection(SolutionProperties) = preSolution
		HideSolutionNode = FALSE
	EndGlobalSection
	GlobalSection(NestedProjects) = preSolution
		{386F4BD3-D353-4D55-89A9-64EA65C3AC38} = {02EA681E-C7D8-13C7-8484-4AC65E1B71E8}
		{F5E44F6E-B0C9-4647-94DA-FA952B334736} = {386F4BD3-D353-4D55-89A9-64EA65C3AC38}
		{B00C9AA3-F1E7-43CF-BAE5-805D05204037} = {F5E44F6E-B0C9-4647-94DA-FA952B334736}
		{DFC49231-FE9F-4C3E-8243-4C1C288E99D7} = {F5E44F6E-B0C9-4647-94DA-FA952B334736}
		{1159E4C8-EC1D-48D7-8660-86D57F95A699} = {F5E44F6E-B0C9-4647-94DA-FA952B334736}
		{5924F8B2-90D1-4515-B8FE-1AECBD8FAB02} = {F5E44F6E-B0C9-4647-94DA-FA952B334736}
		{52DE3466-E53A-42A9-B192-323E2018023B} = {386F4BD3-D353-4D55-89A9-64EA65C3AC38}
		{4CB49A65-7B62-4557-A5D9-6C9401BD03ED} = {52DE3466-E53A-42A9-B192-323E2018023B}
		{9F812EEE-E94F-4A9B-86FC-60BF5BC77CEA} = {52DE3466-E53A-42A9-B192-323E2018023B}
		{F4AA1565-67C1-4408-94AD-ACC0FFC1E509} = {52DE3466-E53A-42A9-B192-323E2018023B}
		{C1B2B8ED-DF5B-4F17-9994-E67C095A545B} = {02EA681E-C7D8-13C7-8484-4AC65E1B71E8}
		{10CCBBBF-A335-4792-9DC3-0D465EF0E3FB} = {C1B2B8ED-DF5B-4F17-9994-E67C095A545B}
		{D1848DA7-23CF-4E36-B656-D9C1EFC10C12} = {C1B2B8ED-DF5B-4F17-9994-E67C095A545B}
		{C3DB9743-5C13-44F4-B4F1-D82E29D83D49} = {D1848DA7-23CF-4E36-B656-D9C1EFC10C12}
		{DED1702D-4BCE-EC54-12AF-8CFC4D401FE1} = {10CCBBBF-A335-4792-9DC3-0D465EF0E3FB}
		{3085929A-997F-6558-BE84-EBC1AD4BCA14} = {10CCBBBF-A335-4792-9DC3-0D465EF0E3FB}
		{54BB2E91-6E5B-641A-24B5-4543145BA182} = {D1848DA7-23CF-4E36-B656-D9C1EFC10C12}
		{EF15AC13-1EE3-41BF-B3D1-E39F885564F8} = {CB8BE34B-79F0-46AB-BF88-94A512AF4403}
		{A6A3AD5C-F489-43E3-B90C-4331196500EB} = {EF15AC13-1EE3-41BF-B3D1-E39F885564F8}
		{3C16AF09-1155-48BB-87A6-571CC9DDB4F5} = {CB8BE34B-79F0-46AB-BF88-94A512AF4403}
		{895F629A-B33E-F196-66CB-F4ED7E0D703A} = {3C16AF09-1155-48BB-87A6-571CC9DDB4F5}
		{470FF8BC-2A61-39CA-10FC-7D87BC50FB6B} = {10CCBBBF-A335-4792-9DC3-0D465EF0E3FB}
		{6CF3F3ED-71D3-88D6-8EF2-1C13C19B9ECD} = {10CCBBBF-A335-4792-9DC3-0D465EF0E3FB}
		{7515F602-2154-6EE2-AF47-7D46A3BD09E0} = {3C16AF09-1155-48BB-87A6-571CC9DDB4F5}
		{8A2C4F7D-3E8B-4A5C-9F2B-1D6E7C8A9B3E} = {3C16AF09-1155-48BB-87A6-571CC9DDB4F5}
		{B590EFA8-C717-E5AC-E618-766B7046F185} = {D1848DA7-23CF-4E36-B656-D9C1EFC10C12}
		{99C27881-4371-A20A-3390-69632B7DCEFD} = {E206EBAB-B8B6-4ED8-AACE-F9DCDD7E4460}
	EndGlobalSection
	GlobalSection(ExtensibilityGlobals) = postSolution
		SolutionGuid = {7AC226A1-8444-4340-96E8-25D79829A241}
	EndGlobalSection
EndGlobal
